
Microsoft Visual Studio Solution File, Format Version 12.00
# Visual Studio Version 16
VisualStudioVersion = 16.0.29411.138
MinimumVisualStudioVersion = 10.0.40219.1
Project("{9A19103F-16F7-4668-BE54-9A1E7A4F7556}") = "CheAutoRemastered.Presentation", "src\CheAutoRemastered\CheAutoRemastered.Presentation.csproj", "{EAAA6FB2-A148-4439-9185-80067816D104}"
EndProject
Project("{2150E333-8FDC-42A3-9474-1A3956D46DE8}") = "Core", "Core", "{592F1EED-43B8-460D-B67B-8DBF31BB79AA}"
EndProject
Project("{9A19103F-16F7-4668-BE54-9A1E7A4F7556}") = "CheAutoRemastered.Application", "CheAutoRemastered.Application\CheAutoRemastered.Application.csproj", "{7AC90865-CCC3-423E-AD5A-2753402C79D1}"
EndProject
Project("{9A19103F-16F7-4668-BE54-9A1E7A4F7556}") = "Domain", "Domain\Domain.csproj", "{778DA02D-AF67-447C-9703-D43FBE651B4D}"
EndProject
Project("{2150E333-8FDC-42A3-9474-1A3956D46DE8}") = "Infrastructure", "Infrastructure", "{49902D7C-174F-48DF-9451-93F661130151}"
EndProject
Project("{2150E333-8FDC-42A3-9474-1A3956D46DE8}") = "Presentation", "Presentation", "{A6E48A00-4CDA-4E04-A730-FC3E20E6FB8D}"
EndProject
Project("{9A19103F-16F7-4668-BE54-9A1E7A4F7556}") = "CheAutoRemastered.API", "CheAutoRemastered.API\CheAutoRemastered.API.csproj", "{798C7E72-05D1-45D9-B4A8-B9F8EF1E9CC5}"
EndProject
Project("{9A19103F-16F7-4668-BE54-9A1E7A4F7556}") = "Infrastructure", "InfrastructureProg\Infrastructure.csproj", "{AD34820D-1628-42B3-B21E-35E56B64DCD1}"
EndProject
Global
	GlobalSection(SolutionConfigurationPlatforms) = preSolution
		Debug|Any CPU = Debug|Any CPU
		Release|Any CPU = Release|Any CPU
	EndGlobalSection
	GlobalSection(ProjectConfigurationPlatforms) = postSolution
		{EAAA6FB2-A148-4439-9185-80067816D104}.Debug|Any CPU.ActiveCfg = Debug|Any CPU
		{EAAA6FB2-A148-4439-9185-80067816D104}.Debug|Any CPU.Build.0 = Debug|Any CPU
		{EAAA6FB2-A148-4439-9185-80067816D104}.Release|Any CPU.ActiveCfg = Release|Any CPU
		{EAAA6FB2-A148-4439-9185-80067816D104}.Release|Any CPU.Build.0 = Release|Any CPU
		{7AC90865-CCC3-423E-AD5A-2753402C79D1}.Debug|Any CPU.ActiveCfg = Debug|Any CPU
		{7AC90865-CCC3-423E-AD5A-2753402C79D1}.Debug|Any CPU.Build.0 = Debug|Any CPU
		{7AC90865-CCC3-423E-AD5A-2753402C79D1}.Release|Any CPU.ActiveCfg = Release|Any CPU
		{7AC90865-CCC3-423E-AD5A-2753402C79D1}.Release|Any CPU.Build.0 = Release|Any CPU
		{778DA02D-AF67-447C-9703-D43FBE651B4D}.Debug|Any CPU.ActiveCfg = Debug|Any CPU
		{778DA02D-AF67-447C-9703-D43FBE651B4D}.Debug|Any CPU.Build.0 = Debug|Any CPU
		{778DA02D-AF67-447C-9703-D43FBE651B4D}.Release|Any CPU.ActiveCfg = Release|Any CPU
		{778DA02D-AF67-447C-9703-D43FBE651B4D}.Release|Any CPU.Build.0 = Release|Any CPU
		{798C7E72-05D1-45D9-B4A8-B9F8EF1E9CC5}.Debug|Any CPU.ActiveCfg = Debug|Any CPU
		{798C7E72-05D1-45D9-B4A8-B9F8EF1E9CC5}.Debug|Any CPU.Build.0 = Debug|Any CPU
		{798C7E72-05D1-45D9-B4A8-B9F8EF1E9CC5}.Release|Any CPU.ActiveCfg = Release|Any CPU
		{798C7E72-05D1-45D9-B4A8-B9F8EF1E9CC5}.Release|Any CPU.Build.0 = Release|Any CPU
		{AD34820D-1628-42B3-B21E-35E56B64DCD1}.Debug|Any CPU.ActiveCfg = Debug|Any CPU
		{AD34820D-1628-42B3-B21E-35E56B64DCD1}.Debug|Any CPU.Build.0 = Debug|Any CPU
		{AD34820D-1628-42B3-B21E-35E56B64DCD1}.Release|Any CPU.ActiveCfg = Release|Any CPU
		{AD34820D-1628-42B3-B21E-35E56B64DCD1}.Release|Any CPU.Build.0 = Release|Any CPU
	EndGlobalSection
	GlobalSection(SolutionProperties) = preSolution
		HideSolutionNode = FALSE
	EndGlobalSection
	GlobalSection(NestedProjects) = preSolution
		{EAAA6FB2-A148-4439-9185-80067816D104} = {A6E48A00-4CDA-4E04-A730-FC3E20E6FB8D}
		{7AC90865-CCC3-423E-AD5A-2753402C79D1} = {592F1EED-43B8-460D-B67B-8DBF31BB79AA}
		{778DA02D-AF67-447C-9703-D43FBE651B4D} = {592F1EED-43B8-460D-B67B-8DBF31BB79AA}
		{798C7E72-05D1-45D9-B4A8-B9F8EF1E9CC5} = {A6E48A00-4CDA-4E04-A730-FC3E20E6FB8D}
		{AD34820D-1628-42B3-B21E-35E56B64DCD1} = {49902D7C-174F-48DF-9451-93F661130151}
	EndGlobalSection
	GlobalSection(ExtensibilityGlobals) = postSolution
		SolutionGuid = {FF7B4BE4-921A-4EA0-B4AE-C08EB52E954D}
	EndGlobalSection
EndGlobal
